// !$*UTF8*$!
{
	archiveVersion = 1;
	classes = {
	};
	objectVersion = 55;
	objects = {

/* Begin PBXBuildFile section */
		9D799BCC31922B50B9638195 /* Pods_MovieApp.framework in Frameworks */ = {isa = PBXBuildFile; fileRef = 39FD6EF0263A56AE642A4AF2 /* Pods_MovieApp.framework */; };
		F6CD262827F37E710075ADCA /* AppDelegate.swift in Sources */ = {isa = PBXBuildFile; fileRef = F6CD262727F37E710075ADCA /* AppDelegate.swift */; };
		F6CD262A27F37E710075ADCA /* SceneDelegate.swift in Sources */ = {isa = PBXBuildFile; fileRef = F6CD262927F37E710075ADCA /* SceneDelegate.swift */; };
		F6CD262C27F37E710075ADCA /* ViewController.swift in Sources */ = {isa = PBXBuildFile; fileRef = F6CD262B27F37E710075ADCA /* ViewController.swift */; };
		F6CD262F27F37E710075ADCA /* Main.storyboard in Resources */ = {isa = PBXBuildFile; fileRef = F6CD262D27F37E710075ADCA /* Main.storyboard */; };
		F6CD263127F37E720075ADCA /* Assets.xcassets in Resources */ = {isa = PBXBuildFile; fileRef = F6CD263027F37E720075ADCA /* Assets.xcassets */; };
		F6CD263427F37E720075ADCA /* LaunchScreen.storyboard in Resources */ = {isa = PBXBuildFile; fileRef = F6CD263227F37E720075ADCA /* LaunchScreen.storyboard */; };
		F6CD263E27F46E3B0075ADCA /* MovieDetailsViewController.swift in Sources */ = {isa = PBXBuildFile; fileRef = F6CD263D27F46E3B0075ADCA /* MovieDetailsViewController.swift */; };
		F6CD264127F477800075ADCA /* PureLayout in Frameworks */ = {isa = PBXBuildFile; productRef = F6CD264027F477800075ADCA /* PureLayout */; };
		F6CD264427F49BDF0075ADCA /* SnapKit in Frameworks */ = {isa = PBXBuildFile; productRef = F6CD264327F49BDF0075ADCA /* SnapKit */; };
		F6CD264B27FCC5850075ADCA /* MovieAppData in Frameworks */ = {isa = PBXBuildFile; productRef = F6CD264A27FCC5850075ADCA /* MovieAppData */; };
		F6CD264F27FCD40E0075ADCA /* MovieListViewController.swift in Sources */ = {isa = PBXBuildFile; fileRef = F6CD264E27FCD40E0075ADCA /* MovieListViewController.swift */; };
/* End PBXBuildFile section */

/* Begin PBXFileReference section */
		39FD6EF0263A56AE642A4AF2 /* Pods_MovieApp.framework */ = {isa = PBXFileReference; explicitFileType = wrapper.framework; includeInIndex = 0; path = Pods_MovieApp.framework; sourceTree = BUILT_PRODUCTS_DIR; };
		6132D39C55E9832C9D1E5BAD /* Pods-MovieApp.debug.xcconfig */ = {isa = PBXFileReference; includeInIndex = 1; lastKnownFileType = text.xcconfig; name = "Pods-MovieApp.debug.xcconfig"; path = "Target Support Files/Pods-MovieApp/Pods-MovieApp.debug.xcconfig"; sourceTree = "<group>"; };
		E6300EBCBFA624C5452D22DE /* Pods-MovieApp.release.xcconfig */ = {isa = PBXFileReference; includeInIndex = 1; lastKnownFileType = text.xcconfig; name = "Pods-MovieApp.release.xcconfig"; path = "Target Support Files/Pods-MovieApp/Pods-MovieApp.release.xcconfig"; sourceTree = "<group>"; };
		F6CD262427F37E710075ADCA /* MovieApp.app */ = {isa = PBXFileReference; explicitFileType = wrapper.application; includeInIndex = 0; path = MovieApp.app; sourceTree = BUILT_PRODUCTS_DIR; };
		F6CD262727F37E710075ADCA /* AppDelegate.swift */ = {isa = PBXFileReference; lastKnownFileType = sourcecode.swift; path = AppDelegate.swift; sourceTree = "<group>"; };
		F6CD262927F37E710075ADCA /* SceneDelegate.swift */ = {isa = PBXFileReference; lastKnownFileType = sourcecode.swift; path = SceneDelegate.swift; sourceTree = "<group>"; };
		F6CD262B27F37E710075ADCA /* ViewController.swift */ = {isa = PBXFileReference; lastKnownFileType = sourcecode.swift; path = ViewController.swift; sourceTree = "<group>"; };
		F6CD262E27F37E710075ADCA /* Base */ = {isa = PBXFileReference; lastKnownFileType = file.storyboard; name = Base; path = Base.lproj/Main.storyboard; sourceTree = "<group>"; };
		F6CD263027F37E720075ADCA /* Assets.xcassets */ = {isa = PBXFileReference; lastKnownFileType = folder.assetcatalog; path = Assets.xcassets; sourceTree = "<group>"; };
		F6CD263327F37E720075ADCA /* Base */ = {isa = PBXFileReference; lastKnownFileType = file.storyboard; name = Base; path = Base.lproj/LaunchScreen.storyboard; sourceTree = "<group>"; };
		F6CD263527F37E720075ADCA /* Info.plist */ = {isa = PBXFileReference; lastKnownFileType = text.plist.xml; path = Info.plist; sourceTree = "<group>"; };
		F6CD263D27F46E3B0075ADCA /* MovieDetailsViewController.swift */ = {isa = PBXFileReference; lastKnownFileType = sourcecode.swift; path = MovieDetailsViewController.swift; sourceTree = "<group>"; };
		F6CD264E27FCD40E0075ADCA /* MovieListViewController.swift */ = {isa = PBXFileReference; fileEncoding = 4; lastKnownFileType = sourcecode.swift; name = MovieListViewController.swift; path = ../../MovieApp2/MovieListViewController.swift; sourceTree = "<group>"; };
/* End PBXFileReference section */

/* Begin PBXFrameworksBuildPhase section */
		F6CD262127F37E710075ADCA /* Frameworks */ = {
			isa = PBXFrameworksBuildPhase;
			buildActionMask = 2147483647;
			files = (
				F6CD264427F49BDF0075ADCA /* SnapKit in Frameworks */,
				F6CD264127F477800075ADCA /* PureLayout in Frameworks */,
				9D799BCC31922B50B9638195 /* Pods_MovieApp.framework in Frameworks */,
				F6CD264B27FCC5850075ADCA /* MovieAppData in Frameworks */,
			);
			runOnlyForDeploymentPostprocessing = 0;
		};
/* End PBXFrameworksBuildPhase section */

/* Begin PBXGroup section */
		8FEC3DA4995228B2A7CDC453 /* Frameworks */ = {
			isa = PBXGroup;
			children = (
				39FD6EF0263A56AE642A4AF2 /* Pods_MovieApp.framework */,
			);
			name = Frameworks;
			sourceTree = "<group>";
		};
		BA82F5D34CFD140F1DCFD9D6 /* Pods */ = {
			isa = PBXGroup;
			children = (
				6132D39C55E9832C9D1E5BAD /* Pods-MovieApp.debug.xcconfig */,
				E6300EBCBFA624C5452D22DE /* Pods-MovieApp.release.xcconfig */,
			);
			path = Pods;
			sourceTree = "<group>";
		};
		F6CD261B27F37E710075ADCA = {
			isa = PBXGroup;
			children = (
				F6CD262627F37E710075ADCA /* MovieApp */,
				F6CD262527F37E710075ADCA /* Products */,
				BA82F5D34CFD140F1DCFD9D6 /* Pods */,
				8FEC3DA4995228B2A7CDC453 /* Frameworks */,
			);
			sourceTree = "<group>";
		};
		F6CD262527F37E710075ADCA /* Products */ = {
			isa = PBXGroup;
			children = (
				F6CD262427F37E710075ADCA /* MovieApp.app */,
			);
			name = Products;
			sourceTree = "<group>";
		};
		F6CD262627F37E710075ADCA /* MovieApp */ = {
			isa = PBXGroup;
			children = (
				F6CD262727F37E710075ADCA /* AppDelegate.swift */,
				F6CD262927F37E710075ADCA /* SceneDelegate.swift */,
				F6CD262B27F37E710075ADCA /* ViewController.swift */,
				F6CD262D27F37E710075ADCA /* Main.storyboard */,
				F6CD263027F37E720075ADCA /* Assets.xcassets */,
				F6CD263227F37E720075ADCA /* LaunchScreen.storyboard */,
				F6CD263527F37E720075ADCA /* Info.plist */,
				F6CD263D27F46E3B0075ADCA /* MovieDetailsViewController.swift */,
				F6CD264E27FCD40E0075ADCA /* MovieListViewController.swift */,
			);
			path = MovieApp;
			sourceTree = "<group>";
		};
/* End PBXGroup section */

/* Begin PBXNativeTarget section */
		F6CD262327F37E710075ADCA /* MovieApp */ = {
			isa = PBXNativeTarget;
			buildConfigurationList = F6CD263827F37E720075ADCA /* Build configuration list for PBXNativeTarget "MovieApp" */;
			buildPhases = (
				F69792CE22E4DB362950F846 /* [CP] Check Pods Manifest.lock */,
				F6CD262027F37E710075ADCA /* Sources */,
				F6CD262127F37E710075ADCA /* Frameworks */,
				F6CD262227F37E710075ADCA /* Resources */,
			);
			buildRules = (
			);
			dependencies = (
			);
			name = MovieApp;
			packageProductDependencies = (
				F6CD264027F477800075ADCA /* PureLayout */,
				F6CD264327F49BDF0075ADCA /* SnapKit */,
				F6CD264A27FCC5850075ADCA /* MovieAppData */,
			);
			productName = MovieApp;
			productReference = F6CD262427F37E710075ADCA /* MovieApp.app */;
			productType = "com.apple.product-type.application";
		};
/* End PBXNativeTarget section */

/* Begin PBXProject section */
		F6CD261C27F37E710075ADCA /* Project object */ = {
			isa = PBXProject;
			attributes = {
				BuildIndependentTargetsInParallel = 1;
				LastSwiftUpdateCheck = 1320;
				LastUpgradeCheck = 1320;
				TargetAttributes = {
					F6CD262327F37E710075ADCA = {
						CreatedOnToolsVersion = 13.2.1;
					};
				};
			};
			buildConfigurationList = F6CD261F27F37E710075ADCA /* Build configuration list for PBXProject "MovieApp" */;
			compatibilityVersion = "Xcode 13.0";
			developmentRegion = en;
			hasScannedForEncodings = 0;
			knownRegions = (
				en,
				Base,
			);
			mainGroup = F6CD261B27F37E710075ADCA;
			packageReferences = (
				F6CD263F27F477800075ADCA /* XCRemoteSwiftPackageReference "PureLayout" */,
				F6CD264227F49BDF0075ADCA /* XCRemoteSwiftPackageReference "SnapKit" */,
				F6CD264927FCC5850075ADCA /* XCRemoteSwiftPackageReference "MovieAppData" */,
			);
			productRefGroup = F6CD262527F37E710075ADCA /* Products */;
			projectDirPath = "";
			projectRoot = "";
			targets = (
				F6CD262327F37E710075ADCA /* MovieApp */,
			);
		};
/* End PBXProject section */

/* Begin PBXResourcesBuildPhase section */
		F6CD262227F37E710075ADCA /* Resources */ = {
			isa = PBXResourcesBuildPhase;
			buildActionMask = 2147483647;
			files = (
				F6CD263427F37E720075ADCA /* LaunchScreen.storyboard in Resources */,
				F6CD263127F37E720075ADCA /* Assets.xcassets in Resources */,
				F6CD262F27F37E710075ADCA /* Main.storyboard in Resources */,
			);
			runOnlyForDeploymentPostprocessing = 0;
		};
/* End PBXResourcesBuildPhase section */

/* Begin PBXShellScriptBuildPhase section */
		F69792CE22E4DB362950F846 /* [CP] Check Pods Manifest.lock */ = {
			isa = PBXShellScriptBuildPhase;
			buildActionMask = 2147483647;
			files = (
			);
			inputFileListPaths = (
			);
			inputPaths = (
				"${PODS_PODFILE_DIR_PATH}/Podfile.lock",
				"${PODS_ROOT}/Manifest.lock",
			);
			name = "[CP] Check Pods Manifest.lock";
			outputFileListPaths = (
			);
			outputPaths = (
				"$(DERIVED_FILE_DIR)/Pods-MovieApp-checkManifestLockResult.txt",
			);
			runOnlyForDeploymentPostprocessing = 0;
			shellPath = /bin/sh;
			shellScript = "diff \"${PODS_PODFILE_DIR_PATH}/Podfile.lock\" \"${PODS_ROOT}/Manifest.lock\" > /dev/null\nif [ $? != 0 ] ; then\n    # print error to STDERR\n    echo \"error: The sandbox is not in sync with the Podfile.lock. Run 'pod install' or update your CocoaPods installation.\" >&2\n    exit 1\nfi\n# This output is used by Xcode 'outputs' to avoid re-running this script phase.\necho \"SUCCESS\" > \"${SCRIPT_OUTPUT_FILE_0}\"\n";
			showEnvVarsInLog = 0;
		};
/* End PBXShellScriptBuildPhase section */

/* Begin PBXSourcesBuildPhase section */
		F6CD262027F37E710075ADCA /* Sources */ = {
			isa = PBXSourcesBuildPhase;
			buildActionMask = 2147483647;
			files = (
				F6CD263E27F46E3B0075ADCA /* MovieDetailsViewController.swift in Sources */,
				F6CD264F27FCD40E0075ADCA /* MovieListViewController.swift in Sources */,
				F6CD262C27F37E710075ADCA /* ViewController.swift in Sources */,
				F6CD262827F37E710075ADCA /* AppDelegate.swift in Sources */,
				F6CD262A27F37E710075ADCA /* SceneDelegate.swift in Sources */,
			);
			runOnlyForDeploymentPostprocessing = 0;
		};
/* End PBXSourcesBuildPhase section */

/* Begin PBXVariantGroup section */
		F6CD262D27F37E710075ADCA /* Main.storyboard */ = {
			isa = PBXVariantGroup;
			children = (
				F6CD262E27F37E710075ADCA /* Base */,
			);
			name = Main.storyboard;
			sourceTree = "<group>";
		};
		F6CD263227F37E720075ADCA /* LaunchScreen.storyboard */ = {
			isa = PBXVariantGroup;
			children = (
				F6CD263327F37E720075ADCA /* Base */,
			);
			name = LaunchScreen.storyboard;
			sourceTree = "<group>";
		};
/* End PBXVariantGroup section */

/* Begin XCBuildConfiguration section */
		F6CD263627F37E720075ADCA /* Debug */ = {
			isa = XCBuildConfiguration;
			buildSettings = {
				ALWAYS_SEARCH_USER_PATHS = NO;
				CLANG_ANALYZER_NONNULL = YES;
				CLANG_ANALYZER_NUMBER_OBJECT_CONVERSION = YES_AGGRESSIVE;
				CLANG_CXX_LANGUAGE_STANDARD = "gnu++17";
				CLANG_CXX_LIBRARY = "libc++";
				CLANG_ENABLE_MODULES = YES;
				CLANG_ENABLE_OBJC_ARC = YES;
				CLANG_ENABLE_OBJC_WEAK = YES;
				CLANG_WARN_BLOCK_CAPTURE_AUTORELEASING = YES;
				CLANG_WARN_BOOL_CONVERSION = YES;
				CLANG_WARN_COMMA = YES;
				CLANG_WARN_CONSTANT_CONVERSION = YES;
				CLANG_WARN_DEPRECATED_OBJC_IMPLEMENTATIONS = YES;
				CLANG_WARN_DIRECT_OBJC_ISA_USAGE = YES_ERROR;
				CLANG_WARN_DOCUMENTATION_COMMENTS = YES;
				CLANG_WARN_EMPTY_BODY = YES;
				CLANG_WARN_ENUM_CONVERSION = YES;
				CLANG_WARN_INFINITE_RECURSION = YES;
				CLANG_WARN_INT_CONVERSION = YES;
				CLANG_WARN_NON_LITERAL_NULL_CONVERSION = YES;
				CLANG_WARN_OBJC_IMPLICIT_RETAIN_SELF = YES;
				CLANG_WARN_OBJC_LITERAL_CONVERSION = YES;
				CLANG_WARN_OBJC_ROOT_CLASS = YES_ERROR;
				CLANG_WARN_QUOTED_INCLUDE_IN_FRAMEWORK_HEADER = YES;
				CLANG_WARN_RANGE_LOOP_ANALYSIS = YES;
				CLANG_WARN_STRICT_PROTOTYPES = YES;
				CLANG_WARN_SUSPICIOUS_MOVE = YES;
				CLANG_WARN_UNGUARDED_AVAILABILITY = YES_AGGRESSIVE;
				CLANG_WARN_UNREACHABLE_CODE = YES;
				CLANG_WARN__DUPLICATE_METHOD_MATCH = YES;
				COPY_PHASE_STRIP = NO;
				DEBUG_INFORMATION_FORMAT = dwarf;
				ENABLE_STRICT_OBJC_MSGSEND = YES;
				ENABLE_TESTABILITY = YES;
				GCC_C_LANGUAGE_STANDARD = gnu11;
				GCC_DYNAMIC_NO_PIC = NO;
				GCC_NO_COMMON_BLOCKS = YES;
				GCC_OPTIMIZATION_LEVEL = 0;
				GCC_PREPROCESSOR_DEFINITIONS = (
					"DEBUG=1",
					"$(inherited)",
				);
				GCC_WARN_64_TO_32_BIT_CONVERSION = YES;
				GCC_WARN_ABOUT_RETURN_TYPE = YES_ERROR;
				GCC_WARN_UNDECLARED_SELECTOR = YES;
				GCC_WARN_UNINITIALIZED_AUTOS = YES_AGGRESSIVE;
				GCC_WARN_UNUSED_FUNCTION = YES;
				GCC_WARN_UNUSED_VARIABLE = YES;
				IPHONEOS_DEPLOYMENT_TARGET = 15.2;
				MTL_ENABLE_DEBUG_INFO = INCLUDE_SOURCE;
				MTL_FAST_MATH = YES;
				ONLY_ACTIVE_ARCH = YES;
				SDKROOT = iphoneos;
				SWIFT_ACTIVE_COMPILATION_CONDITIONS = DEBUG;
				SWIFT_OPTIMIZATION_LEVEL = "-Onone";
			};
			name = Debug;
		};
		F6CD263727F37E720075ADCA /* Release */ = {
			isa = XCBuildConfiguration;
			buildSettings = {
				ALWAYS_SEARCH_USER_PATHS = NO;
				CLANG_ANALYZER_NONNULL = YES;
				CLANG_ANALYZER_NUMBER_OBJECT_CONVERSION = YES_AGGRESSIVE;
				CLANG_CXX_LANGUAGE_STANDARD = "gnu++17";
				CLANG_CXX_LIBRARY = "libc++";
				CLANG_ENABLE_MODULES = YES;
				CLANG_ENABLE_OBJC_ARC = YES;
				CLANG_ENABLE_OBJC_WEAK = YES;
				CLANG_WARN_BLOCK_CAPTURE_AUTORELEASING = YES;
				CLANG_WARN_BOOL_CONVERSION = YES;
				CLANG_WARN_COMMA = YES;
				CLANG_WARN_CONSTANT_CONVERSION = YES;
				CLANG_WARN_DEPRECATED_OBJC_IMPLEMENTATIONS = YES;
				CLANG_WARN_DIRECT_OBJC_ISA_USAGE = YES_ERROR;
				CLANG_WARN_DOCUMENTATION_COMMENTS = YES;
				CLANG_WARN_EMPTY_BODY = YES;
				CLANG_WARN_ENUM_CONVERSION = YES;
				CLANG_WARN_INFINITE_RECURSION = YES;
				CLANG_WARN_INT_CONVERSION = YES;
				CLANG_WARN_NON_LITERAL_NULL_CONVERSION = YES;
				CLANG_WARN_OBJC_IMPLICIT_RETAIN_SELF = YES;
				CLANG_WARN_OBJC_LITERAL_CONVERSION = YES;
				CLANG_WARN_OBJC_ROOT_CLASS = YES_ERROR;
				CLANG_WARN_QUOTED_INCLUDE_IN_FRAMEWORK_HEADER = YES;
				CLANG_WARN_RANGE_LOOP_ANALYSIS = YES;
				CLANG_WARN_STRICT_PROTOTYPES = YES;
				CLANG_WARN_SUSPICIOUS_MOVE = YES;
				CLANG_WARN_UNGUARDED_AVAILABILITY = YES_AGGRESSIVE;
				CLANG_WARN_UNREACHABLE_CODE = YES;
				CLANG_WARN__DUPLICATE_METHOD_MATCH = YES;
				COPY_PHASE_STRIP = NO;
				DEBUG_INFORMATION_FORMAT = "dwarf-with-dsym";
				ENABLE_NS_ASSERTIONS = NO;
				ENABLE_STRICT_OBJC_MSGSEND = YES;
				GCC_C_LANGUAGE_STANDARD = gnu11;
				GCC_NO_COMMON_BLOCKS = YES;
				GCC_WARN_64_TO_32_BIT_CONVERSION = YES;
				GCC_WARN_ABOUT_RETURN_TYPE = YES_ERROR;
				GCC_WARN_UNDECLARED_SELECTOR = YES;
				GCC_WARN_UNINITIALIZED_AUTOS = YES_AGGRESSIVE;
				GCC_WARN_UNUSED_FUNCTION = YES;
				GCC_WARN_UNUSED_VARIABLE = YES;
				IPHONEOS_DEPLOYMENT_TARGET = 15.2;
				MTL_ENABLE_DEBUG_INFO = NO;
				MTL_FAST_MATH = YES;
				SDKROOT = iphoneos;
				SWIFT_COMPILATION_MODE = wholemodule;
				SWIFT_OPTIMIZATION_LEVEL = "-O";
				VALIDATE_PRODUCT = YES;
			};
			name = Release;
		};
		F6CD263927F37E720075ADCA /* Debug */ = {
			isa = XCBuildConfiguration;
			baseConfigurationReference = 6132D39C55E9832C9D1E5BAD /* Pods-MovieApp.debug.xcconfig */;
			buildSettings = {
				ASSETCATALOG_COMPILER_APPICON_NAME = AppIcon;
				ASSETCATALOG_COMPILER_GLOBAL_ACCENT_COLOR_NAME = AccentColor;
				CODE_SIGN_STYLE = Automatic;
				CURRENT_PROJECT_VERSION = 1;
				GENERATE_INFOPLIST_FILE = YES;
				INFOPLIST_FILE = MovieApp/Info.plist;
				INFOPLIST_KEY_UIApplicationSupportsIndirectInputEvents = YES;
				INFOPLIST_KEY_UILaunchStoryboardName = LaunchScreen;
				INFOPLIST_KEY_UIMainStoryboardFile = Main;
				INFOPLIST_KEY_UISupportedInterfaceOrientations_iPad = "UIInterfaceOrientationPortrait UIInterfaceOrientationPortraitUpsideDown UIInterfaceOrientationLandscapeLeft UIInterfaceOrientationLandscapeRight";
				INFOPLIST_KEY_UISupportedInterfaceOrientations_iPhone = "UIInterfaceOrientationPortrait UIInterfaceOrientationLandscapeLeft UIInterfaceOrientationLandscapeRight";
				LD_RUNPATH_SEARCH_PATHS = (
					"$(inherited)",
					"@executable_path/Frameworks",
				);
				MARKETING_VERSION = 1.0;
				PRODUCT_BUNDLE_IDENTIFIER = hr.fer.ios.analjubek.MovieApp;
				PRODUCT_NAME = "$(TARGET_NAME)";
				SWIFT_EMIT_LOC_STRINGS = YES;
				SWIFT_VERSION = 5.0;
				TARGETED_DEVICE_FAMILY = "1,2";
			};
			name = Debug;
		};
		F6CD263A27F37E720075ADCA /* Release */ = {
			isa = XCBuildConfiguration;
			baseConfigurationReference = E6300EBCBFA624C5452D22DE /* Pods-MovieApp.release.xcconfig */;
			buildSettings = {
				ASSETCATALOG_COMPILER_APPICON_NAME = AppIcon;
				ASSETCATALOG_COMPILER_GLOBAL_ACCENT_COLOR_NAME = AccentColor;
				CODE_SIGN_STYLE = Automatic;
				CURRENT_PROJECT_VERSION = 1;
				GENERATE_INFOPLIST_FILE = YES;
				INFOPLIST_FILE = MovieApp/Info.plist;
				INFOPLIST_KEY_UIApplicationSupportsIndirectInputEvents = YES;
				INFOPLIST_KEY_UILaunchStoryboardName = LaunchScreen;
				INFOPLIST_KEY_UIMainStoryboardFile = Main;
				INFOPLIST_KEY_UISupportedInterfaceOrientations_iPad = "UIInterfaceOrientationPortrait UIInterfaceOrientationPortraitUpsideDown UIInterfaceOrientationLandscapeLeft UIInterfaceOrientationLandscapeRight";
				INFOPLIST_KEY_UISupportedInterfaceOrientations_iPhone = "UIInterfaceOrientationPortrait UIInterfaceOrientationLandscapeLeft UIInterfaceOrientationLandscapeRight";
				LD_RUNPATH_SEARCH_PATHS = (
					"$(inherited)",
					"@executable_path/Frameworks",
				);
				MARKETING_VERSION = 1.0;
				PRODUCT_BUNDLE_IDENTIFIER = hr.fer.ios.analjubek.MovieApp;
				PRODUCT_NAME = "$(TARGET_NAME)";
				SWIFT_EMIT_LOC_STRINGS = YES;
				SWIFT_VERSION = 5.0;
				TARGETED_DEVICE_FAMILY = "1,2";
			};
			name = Release;
		};
/* End XCBuildConfiguration section */

/* Begin XCConfigurationList section */
		F6CD261F27F37E710075ADCA /* Build configuration list for PBXProject "MovieApp" */ = {
			isa = XCConfigurationList;
			buildConfigurations = (
				F6CD263627F37E720075ADCA /* Debug */,
				F6CD263727F37E720075ADCA /* Release */,
			);
			defaultConfigurationIsVisible = 0;
			defaultConfigurationName = Release;
		};
		F6CD263827F37E720075ADCA /* Build configuration list for PBXNativeTarget "MovieApp" */ = {
			isa = XCConfigurationList;
			buildConfigurations = (
				F6CD263927F37E720075ADCA /* Debug */,
				F6CD263A27F37E720075ADCA /* Release */,
			);
			defaultConfigurationIsVisible = 0;
			defaultConfigurationName = Release;
		};
/* End XCConfigurationList section */

/* Begin XCRemoteSwiftPackageReference section */
		F6CD263F27F477800075ADCA /* XCRemoteSwiftPackageReference "PureLayout" */ = {
			isa = XCRemoteSwiftPackageReference;
			repositoryURL = "https://github.com/PureLayout/PureLayout";
			requirement = {
				kind = upToNextMajorVersion;
				minimumVersion = 3.0.0;
			};
		};
		F6CD264227F49BDF0075ADCA /* XCRemoteSwiftPackageReference "SnapKit" */ = {
			isa = XCRemoteSwiftPackageReference;
			repositoryURL = "https://github.com/SnapKit/SnapKit";
			requirement = {
				kind = upToNextMajorVersion;
				minimumVersion = 5.0.0;
			};
		};
		F6CD264927FCC5850075ADCA /* XCRemoteSwiftPackageReference "MovieAppData" */ = {
			isa = XCRemoteSwiftPackageReference;
			repositoryURL = "https://github.com/fiveagency/MovieAppData";
			requirement = {
				kind = upToNextMajorVersion;
				minimumVersion = 1.0.0;
			};
		};
/* End XCRemoteSwiftPackageReference section */

/* Begin XCSwiftPackageProductDependency section */
		F6CD264027F477800075ADCA /* PureLayout */ = {
			isa = XCSwiftPackageProductDependency;
			package = F6CD263F27F477800075ADCA /* XCRemoteSwiftPackageReference "PureLayout" */;
			productName = PureLayout;
		};
		F6CD264327F49BDF0075ADCA /* SnapKit */ = {
			isa = XCSwiftPackageProductDependency;
			package = F6CD264227F49BDF0075ADCA /* XCRemoteSwiftPackageReference "SnapKit" */;
			productName = SnapKit;
		};
		F6CD264A27FCC5850075ADCA /* MovieAppData */ = {
			isa = XCSwiftPackageProductDependency;
			package = F6CD264927FCC5850075ADCA /* XCRemoteSwiftPackageReference "MovieAppData" */;
			productName = MovieAppData;
		};
/* End XCSwiftPackageProductDependency section */
	};
	rootObject = F6CD261C27F37E710075ADCA /* Project object */;
}
