{
  "object": {
    "pins": [
      {
        "package": "MovieAppData",
        "repositoryURL": "https://github.com/fiveagency/MovieAppData",
        "state": {
          "branch": null,
          "revision": "cab48135221d3cbfbde766d2f2d74207489f7209",
          "version": "1.0.0"
        }
      },
      {
        "package": "PureLayout",
        "repositoryURL": "https://github.com/PureLayout/PureLayout",
        "state": {
          "branch": null,
          "revision": "5561683c96dc49b023c1299bfe4f6fbeed5f8199",
          "version": "3.1.9"
        }
      },
      {
        "package": "SnapKit",
        "repositoryURL": "https://github.com/SnapKit/SnapKit",
        "state": {
          "branch": null,
          "revision": "d458564516e5676af9c70b4f4b2a9178294f1bc6",
          "version": "5.0.1"
        }
      }
    ]
  },
  "version": 1
}
